
Microsoft Visual Studio Solution File, Format Version 12.00
Project("{FAE04EC0-301F-11D3-BF4B-00C04F79EFBC}") = "Innowise.Clinic.Notifications", "Innowise.Clinic.Notifications\Innowise.Clinic.Notifications.csproj", "{C8D882E4-B2CC-4004-8F81-EE07D150974A}"
EndProject
Global
	GlobalSection(SolutionConfigurationPlatforms) = preSolution
		Debug|Any CPU = Debug|Any CPU
		Release|Any CPU = Release|Any CPU
	EndGlobalSection
	GlobalSection(ProjectConfigurationPlatforms) = postSolution
		{C8D882E4-B2CC-4004-8F81-EE07D150974A}.Debug|Any CPU.ActiveCfg = Debug|Any CPU
		{C8D882E4-B2CC-4004-8F81-EE07D150974A}.Debug|Any CPU.Build.0 = Debug|Any CPU
		{C8D882E4-B2CC-4004-8F81-EE07D150974A}.Release|Any CPU.ActiveCfg = Release|Any CPU
		{C8D882E4-B2CC-4004-8F81-EE07D150974A}.Release|Any CPU.Build.0 = Release|Any CPU
	EndGlobalSection
EndGlobal
